
Microsoft Visual Studio Solution File, Format Version 12.00
# Visual Studio 15
VisualStudioVersion = 15.0.28307.572
MinimumVisualStudioVersion = 10.0.40219.1
Project("{FAE04EC0-301F-11D3-BF4B-00C04F79EFBC}") = "frameworks", "frameworks\frameworks.csproj", "{0F226DE1-FA16-43C4-8BBA-62DA0725F4C1}"
EndProject
Global
	GlobalSection(SolutionConfigurationPlatforms) = preSolution
		Debug|Any CPU = Debug|Any CPU
		Release|Any CPU = Release|Any CPU
	EndGlobalSection
	GlobalSection(ProjectConfigurationPlatforms) = postSolution
		{0F226DE1-FA16-43C4-8BBA-62DA0725F4C1}.Debug|Any CPU.ActiveCfg = Debug|Any CPU
		{0F226DE1-FA16-43C4-8BBA-62DA0725F4C1}.Debug|Any CPU.Build.0 = Debug|Any CPU
		{0F226DE1-FA16-43C4-8BBA-62DA0725F4C1}.Release|Any CPU.ActiveCfg = Release|Any CPU
		{0F226DE1-FA16-43C4-8BBA-62DA0725F4C1}.Release|Any CPU.Build.0 = Release|Any CPU
	EndGlobalSection
	GlobalSection(SolutionProperties) = preSolution
		HideSolutionNode = FALSE
	EndGlobalSection
	GlobalSection(ExtensibilityGlobals) = postSolution
		SolutionGuid = {D2C3E16D-EFF4-4BB0-A3B1-D2353BC87EBE}
	EndGlobalSection
EndGlobal
